
Microsoft Visual Studio Solution File, Format Version 12.00
# Visual Studio 15
VisualStudioVersion = 15.0.28307.852
MinimumVisualStudioVersion = 10.0.40219.1
Project("{FAE04EC0-301F-11D3-BF4B-00C04F79EFBC}") = "Chapter4", "Chapter4\Chapter4.csproj", "{6F7091DD-AE49-4E0D-BFF1-4B6A7555F471}"
EndProject
Global
	GlobalSection(SolutionConfigurationPlatforms) = preSolution
		Debug|Any CPU = Debug|Any CPU
		Release|Any CPU = Release|Any CPU
	EndGlobalSection
	GlobalSection(ProjectConfigurationPlatforms) = postSolution
		{6F7091DD-AE49-4E0D-BFF1-4B6A7555F471}.Debug|Any CPU.ActiveCfg = Debug|Any CPU
		{6F7091DD-AE49-4E0D-BFF1-4B6A7555F471}.Debug|Any CPU.Build.0 = Debug|Any CPU
		{6F7091DD-AE49-4E0D-BFF1-4B6A7555F471}.Release|Any CPU.ActiveCfg = Release|Any CPU
		{6F7091DD-AE49-4E0D-BFF1-4B6A7555F471}.Release|Any CPU.Build.0 = Release|Any CPU
	EndGlobalSection
	GlobalSection(SolutionProperties) = preSolution
		HideSolutionNode = FALSE
	EndGlobalSection
	GlobalSection(ExtensibilityGlobals) = postSolution
		SolutionGuid = {CADF0B70-E870-4D1A-8909-B4D53D938769}
	EndGlobalSection
EndGlobal
